
Microsoft Visual Studio Solution File, Format Version 12.00
# Visual Studio 15
VisualStudioVersion = 15.0.28307.705
MinimumVisualStudioVersion = 10.0.40219.1
Project("{FAE04EC0-301F-11D3-BF4B-00C04F79EFBC}") = "Postback-ContactUs", "Postback-ContactUs\Postback-ContactUs.csproj", "{026A029D-DADF-4F5B-8466-E1FD994F02FD}"
EndProject
Global
	GlobalSection(SolutionConfigurationPlatforms) = preSolution
		Debug|Any CPU = Debug|Any CPU
		Release|Any CPU = Release|Any CPU
	EndGlobalSection
	GlobalSection(ProjectConfigurationPlatforms) = postSolution
		{026A029D-DADF-4F5B-8466-E1FD994F02FD}.Debug|Any CPU.ActiveCfg = Debug|Any CPU
		{026A029D-DADF-4F5B-8466-E1FD994F02FD}.Debug|Any CPU.Build.0 = Debug|Any CPU
		{026A029D-DADF-4F5B-8466-E1FD994F02FD}.Release|Any CPU.ActiveCfg = Release|Any CPU
		{026A029D-DADF-4F5B-8466-E1FD994F02FD}.Release|Any CPU.Build.0 = Release|Any CPU
	EndGlobalSection
	GlobalSection(SolutionProperties) = preSolution
		HideSolutionNode = FALSE
	EndGlobalSection
	GlobalSection(ExtensibilityGlobals) = postSolution
		SolutionGuid = {F57A21D9-170C-48EB-8E15-7AEF384CCAD7}
	EndGlobalSection
EndGlobal
